// !$*UTF8*$!
{
	archiveVersion = 1;
	classes = {
	};
	objectVersion = 51;
	objects = {

/* Begin PBXBuildFile section */
		05EF0F0232C2569F4A3BF432 /* Pods_LibrariesProject.framework in Frameworks */ = {isa = PBXBuildFile; fileRef = AF29E61F8B1549CDE009B315 /* Pods_LibrariesProject.framework */; };
		7C7D343F240D5F3F00218B36 /* AppDelegate.swift in Sources */ = {isa = PBXBuildFile; fileRef = 7C7D343E240D5F3F00218B36 /* AppDelegate.swift */; };
		7C7D3441240D5F3F00218B36 /* SceneDelegate.swift in Sources */ = {isa = PBXBuildFile; fileRef = 7C7D3440240D5F3F00218B36 /* SceneDelegate.swift */; };
		7C7D3443240D5F3F00218B36 /* ViewController.swift in Sources */ = {isa = PBXBuildFile; fileRef = 7C7D3442240D5F3F00218B36 /* ViewController.swift */; };
		7C7D3446240D5F3F00218B36 /* Main.storyboard in Resources */ = {isa = PBXBuildFile; fileRef = 7C7D3444240D5F3F00218B36 /* Main.storyboard */; };
		7C7D3448240D5F4100218B36 /* Assets.xcassets in Resources */ = {isa = PBXBuildFile; fileRef = 7C7D3447240D5F4100218B36 /* Assets.xcassets */; };
		7C7D344B240D5F4100218B36 /* LaunchScreen.storyboard in Resources */ = {isa = PBXBuildFile; fileRef = 7C7D3449240D5F4100218B36 /* LaunchScreen.storyboard */; };
		838889A02479C50E007B4247 /* NetworkManager.swift in Sources */ = {isa = PBXBuildFile; fileRef = 8388899F2479C50E007B4247 /* NetworkManager.swift */; };
		838889A72479C65B007B4247 /* Hero.swift in Sources */ = {isa = PBXBuildFile; fileRef = 838889A62479C65B007B4247 /* Hero.swift */; };
		838889A92479D0E2007B4247 /* HeroCell.swift in Sources */ = {isa = PBXBuildFile; fileRef = 838889A82479D0E2007B4247 /* HeroCell.swift */; };
		838889AB2479E2C7007B4247 /* DetailViewController.swift in Sources */ = {isa = PBXBuildFile; fileRef = 838889AA2479E2C7007B4247 /* DetailViewController.swift */; };
/* End PBXBuildFile section */

/* Begin PBXFileReference section */
		11728444E79949B2A6EC0011 /* Pods-LibrariesProject.debug.xcconfig */ = {isa = PBXFileReference; includeInIndex = 1; lastKnownFileType = text.xcconfig; name = "Pods-LibrariesProject.debug.xcconfig"; path = "Target Support Files/Pods-LibrariesProject/Pods-LibrariesProject.debug.xcconfig"; sourceTree = "<group>"; };
		7C7D343B240D5F3F00218B36 /* LibrariesProject.app */ = {isa = PBXFileReference; explicitFileType = wrapper.application; includeInIndex = 0; path = LibrariesProject.app; sourceTree = BUILT_PRODUCTS_DIR; };
		7C7D343E240D5F3F00218B36 /* AppDelegate.swift */ = {isa = PBXFileReference; lastKnownFileType = sourcecode.swift; path = AppDelegate.swift; sourceTree = "<group>"; };
		7C7D3440240D5F3F00218B36 /* SceneDelegate.swift */ = {isa = PBXFileReference; lastKnownFileType = sourcecode.swift; path = SceneDelegate.swift; sourceTree = "<group>"; };
		7C7D3442240D5F3F00218B36 /* ViewController.swift */ = {isa = PBXFileReference; lastKnownFileType = sourcecode.swift; path = ViewController.swift; sourceTree = "<group>"; };
		7C7D3445240D5F3F00218B36 /* Base */ = {isa = PBXFileReference; lastKnownFileType = file.storyboard; name = Base; path = Base.lproj/Main.storyboard; sourceTree = "<group>"; };
		7C7D3447240D5F4100218B36 /* Assets.xcassets */ = {isa = PBXFileReference; lastKnownFileType = folder.assetcatalog; path = Assets.xcassets; sourceTree = "<group>"; };
		7C7D344A240D5F4100218B36 /* Base */ = {isa = PBXFileReference; lastKnownFileType = file.storyboard; name = Base; path = Base.lproj/LaunchScreen.storyboard; sourceTree = "<group>"; };
		7C7D344C240D5F4100218B36 /* Info.plist */ = {isa = PBXFileReference; lastKnownFileType = text.plist.xml; path = Info.plist; sourceTree = "<group>"; };
		8388899F2479C50E007B4247 /* NetworkManager.swift */ = {isa = PBXFileReference; lastKnownFileType = sourcecode.swift; path = NetworkManager.swift; sourceTree = "<group>"; };
		838889A62479C65B007B4247 /* Hero.swift */ = {isa = PBXFileReference; lastKnownFileType = sourcecode.swift; path = Hero.swift; sourceTree = "<group>"; };
		838889A82479D0E2007B4247 /* HeroCell.swift */ = {isa = PBXFileReference; lastKnownFileType = sourcecode.swift; path = HeroCell.swift; sourceTree = "<group>"; };
		838889AA2479E2C7007B4247 /* DetailViewController.swift */ = {isa = PBXFileReference; lastKnownFileType = sourcecode.swift; path = DetailViewController.swift; sourceTree = "<group>"; };
		AF29E61F8B1549CDE009B315 /* Pods_LibrariesProject.framework */ = {isa = PBXFileReference; explicitFileType = wrapper.framework; includeInIndex = 0; path = Pods_LibrariesProject.framework; sourceTree = BUILT_PRODUCTS_DIR; };
		E0EFDCEA3019460C1CED0A53 /* Pods-LibrariesProject.release.xcconfig */ = {isa = PBXFileReference; includeInIndex = 1; lastKnownFileType = text.xcconfig; name = "Pods-LibrariesProject.release.xcconfig"; path = "Target Support Files/Pods-LibrariesProject/Pods-LibrariesProject.release.xcconfig"; sourceTree = "<group>"; };
/* End PBXFileReference section */

/* Begin PBXFrameworksBuildPhase section */
		7C7D3438240D5F3F00218B36 /* Frameworks */ = {
			isa = PBXFrameworksBuildPhase;
			buildActionMask = 2147483647;
			files = (
				05EF0F0232C2569F4A3BF432 /* Pods_LibrariesProject.framework in Frameworks */,
			);
			runOnlyForDeploymentPostprocessing = 0;
		};
/* End PBXFrameworksBuildPhase section */

/* Begin PBXGroup section */
		19CA07757424434D4B720477 /* Pods */ = {
			isa = PBXGroup;
			children = (
				11728444E79949B2A6EC0011 /* Pods-LibrariesProject.debug.xcconfig */,
				E0EFDCEA3019460C1CED0A53 /* Pods-LibrariesProject.release.xcconfig */,
			);
			path = Pods;
			sourceTree = "<group>";
		};
		7C7D3432240D5F3F00218B36 = {
			isa = PBXGroup;
			children = (
				7C7D343D240D5F3F00218B36 /* LibrariesProject */,
				7C7D343C240D5F3F00218B36 /* Products */,
				19CA07757424434D4B720477 /* Pods */,
				E1CB4473D9154AF6C62CE019 /* Frameworks */,
			);
			sourceTree = "<group>";
		};
		7C7D343C240D5F3F00218B36 /* Products */ = {
			isa = PBXGroup;
			children = (
				7C7D343B240D5F3F00218B36 /* LibrariesProject.app */,
			);
			name = Products;
			sourceTree = "<group>";
		};
		7C7D343D240D5F3F00218B36 /* LibrariesProject */ = {
			isa = PBXGroup;
			children = (
				838889A32479C5E6007B4247 /* Controller */,
				838889A22479C5DA007B4247 /* View */,
				838889A12479C5CE007B4247 /* Model */,
				7C7D343E240D5F3F00218B36 /* AppDelegate.swift */,
				7C7D3440240D5F3F00218B36 /* SceneDelegate.swift */,
				7C7D3444240D5F3F00218B36 /* Main.storyboard */,
				7C7D3447240D5F4100218B36 /* Assets.xcassets */,
				7C7D3449240D5F4100218B36 /* LaunchScreen.storyboard */,
				7C7D344C240D5F4100218B36 /* Info.plist */,
			);
			path = LibrariesProject;
			sourceTree = "<group>";
		};
		838889A12479C5CE007B4247 /* Model */ = {
			isa = PBXGroup;
			children = (
				838889A52479C64B007B4247 /* Manager */,
				838889A42479C644007B4247 /* Entity */,
			);
			path = Model;
			sourceTree = "<group>";
		};
		838889A22479C5DA007B4247 /* View */ = {
			isa = PBXGroup;
			children = (
				838889A82479D0E2007B4247 /* HeroCell.swift */,
			);
			path = View;
			sourceTree = "<group>";
		};
		838889A32479C5E6007B4247 /* Controller */ = {
			isa = PBXGroup;
			children = (
				7C7D3442240D5F3F00218B36 /* ViewController.swift */,
				838889AA2479E2C7007B4247 /* DetailViewController.swift */,
			);
			path = Controller;
			sourceTree = "<group>";
		};
		838889A42479C644007B4247 /* Entity */ = {
			isa = PBXGroup;
			children = (
				838889A62479C65B007B4247 /* Hero.swift */,
			);
			path = Entity;
			sourceTree = "<group>";
		};
		838889A52479C64B007B4247 /* Manager */ = {
			isa = PBXGroup;
			children = (
				8388899F2479C50E007B4247 /* NetworkManager.swift */,
			);
			path = Manager;
			sourceTree = "<group>";
		};
		E1CB4473D9154AF6C62CE019 /* Frameworks */ = {
			isa = PBXGroup;
			children = (
				AF29E61F8B1549CDE009B315 /* Pods_LibrariesProject.framework */,
			);
			name = Frameworks;
			sourceTree = "<group>";
		};
/* End PBXGroup section */

/* Begin PBXNativeTarget section */
		7C7D343A240D5F3F00218B36 /* LibrariesProject */ = {
			isa = PBXNativeTarget;
			buildConfigurationList = 7C7D344F240D5F4100218B36 /* Build configuration list for PBXNativeTarget "LibrariesProject" */;
			buildPhases = (
				78F37E0EFA21FC7CB01005AE /* [CP] Check Pods Manifest.lock */,
				7C7D3437240D5F3F00218B36 /* Sources */,
				7C7D3438240D5F3F00218B36 /* Frameworks */,
				7C7D3439240D5F3F00218B36 /* Resources */,
				69E9E6C2891EA2DCAFE743A3 /* [CP] Embed Pods Frameworks */,
			);
			buildRules = (
			);
			dependencies = (
			);
			name = LibrariesProject;
			productName = LibrariesProject;
			productReference = 7C7D343B240D5F3F00218B36 /* LibrariesProject.app */;
			productType = "com.apple.product-type.application";
		};
/* End PBXNativeTarget section */

/* Begin PBXProject section */
		7C7D3433240D5F3F00218B36 /* Project object */ = {
			isa = PBXProject;
			attributes = {
				LastSwiftUpdateCheck = 1130;
				LastUpgradeCheck = 1130;
				ORGANIZATIONNAME = "Ildar Zalyalov";
				TargetAttributes = {
					7C7D343A240D5F3F00218B36 = {
						CreatedOnToolsVersion = 11.3.1;
					};
				};
			};
			buildConfigurationList = 7C7D3436240D5F3F00218B36 /* Build configuration list for PBXProject "LibrariesProject" */;
			compatibilityVersion = "Xcode 9.3";
			developmentRegion = en;
			hasScannedForEncodings = 0;
			knownRegions = (
				en,
				Base,
			);
			mainGroup = 7C7D3432240D5F3F00218B36;
			productRefGroup = 7C7D343C240D5F3F00218B36 /* Products */;
			projectDirPath = "";
			projectRoot = "";
			targets = (
				7C7D343A240D5F3F00218B36 /* LibrariesProject */,
			);
		};
/* End PBXProject section */

/* Begin PBXResourcesBuildPhase section */
		7C7D3439240D5F3F00218B36 /* Resources */ = {
			isa = PBXResourcesBuildPhase;
			buildActionMask = 2147483647;
			files = (
				7C7D344B240D5F4100218B36 /* LaunchScreen.storyboard in Resources */,
				7C7D3448240D5F4100218B36 /* Assets.xcassets in Resources */,
				7C7D3446240D5F3F00218B36 /* Main.storyboard in Resources */,
			);
			runOnlyForDeploymentPostprocessing = 0;
		};
/* End PBXResourcesBuildPhase section */

/* Begin PBXShellScriptBuildPhase section */
		69E9E6C2891EA2DCAFE743A3 /* [CP] Embed Pods Frameworks */ = {
			isa = PBXShellScriptBuildPhase;
			buildActionMask = 2147483647;
			files = (
			);
			inputFileListPaths = (
				"${PODS_ROOT}/Target Support Files/Pods-LibrariesProject/Pods-LibrariesProject-frameworks-${CONFIGURATION}-input-files.xcfilelist",
			);
			name = "[CP] Embed Pods Frameworks";
			outputFileListPaths = (
				"${PODS_ROOT}/Target Support Files/Pods-LibrariesProject/Pods-LibrariesProject-frameworks-${CONFIGURATION}-output-files.xcfilelist",
			);
			runOnlyForDeploymentPostprocessing = 0;
			shellPath = /bin/sh;
			shellScript = "\"${PODS_ROOT}/Target Support Files/Pods-LibrariesProject/Pods-LibrariesProject-frameworks.sh\"\n";
			showEnvVarsInLog = 0;
		};
		78F37E0EFA21FC7CB01005AE /* [CP] Check Pods Manifest.lock */ = {
			isa = PBXShellScriptBuildPhase;
			buildActionMask = 2147483647;
			files = (
			);
			inputFileListPaths = (
			);
			inputPaths = (
				"${PODS_PODFILE_DIR_PATH}/Podfile.lock",
				"${PODS_ROOT}/Manifest.lock",
			);
			name = "[CP] Check Pods Manifest.lock";
			outputFileListPaths = (
			);
			outputPaths = (
				"$(DERIVED_FILE_DIR)/Pods-LibrariesProject-checkManifestLockResult.txt",
			);
			runOnlyForDeploymentPostprocessing = 0;
			shellPath = /bin/sh;
			shellScript = "diff \"${PODS_PODFILE_DIR_PATH}/Podfile.lock\" \"${PODS_ROOT}/Manifest.lock\" > /dev/null\nif [ $? != 0 ] ; then\n    # print error to STDERR\n    echo \"error: The sandbox is not in sync with the Podfile.lock. Run 'pod install' or update your CocoaPods installation.\" >&2\n    exit 1\nfi\n# This output is used by Xcode 'outputs' to avoid re-running this script phase.\necho \"SUCCESS\" > \"${SCRIPT_OUTPUT_FILE_0}\"\n";
			showEnvVarsInLog = 0;
		};
/* End PBXShellScriptBuildPhase section */

/* Begin PBXSourcesBuildPhase section */
		7C7D3437240D5F3F00218B36 /* Sources */ = {
			isa = PBXSourcesBuildPhase;
			buildActionMask = 2147483647;
			files = (
				838889A72479C65B007B4247 /* Hero.swift in Sources */,
				838889A02479C50E007B4247 /* NetworkManager.swift in Sources */,
				7C7D3443240D5F3F00218B36 /* ViewController.swift in Sources */,
				838889A92479D0E2007B4247 /* HeroCell.swift in Sources */,
				7C7D343F240D5F3F00218B36 /* AppDelegate.swift in Sources */,
				7C7D3441240D5F3F00218B36 /* SceneDelegate.swift in Sources */,
				838889AB2479E2C7007B4247 /* DetailViewController.swift in Sources */,
			);
			runOnlyForDeploymentPostprocessing = 0;
		};
/* End PBXSourcesBuildPhase section */

/* Begin PBXVariantGroup section */
		7C7D3444240D5F3F00218B36 /* Main.storyboard */ = {
			isa = PBXVariantGroup;
			children = (
				7C7D3445240D5F3F00218B36 /* Base */,
			);
			name = Main.storyboard;
			sourceTree = "<group>";
		};
		7C7D3449240D5F4100218B36 /* LaunchScreen.storyboard */ = {
			isa = PBXVariantGroup;
			children = (
				7C7D344A240D5F4100218B36 /* Base */,
			);
			name = LaunchScreen.storyboard;
			sourceTree = "<group>";
		};
/* End PBXVariantGroup section */

/* Begin XCBuildConfiguration section */
		7C7D344D240D5F4100218B36 /* Debug */ = {
			isa = XCBuildConfiguration;
			buildSettings = {
				ALWAYS_SEARCH_USER_PATHS = NO;
				CLANG_ANALYZER_NONNULL = YES;
				CLANG_ANALYZER_NUMBER_OBJECT_CONVERSION = YES_AGGRESSIVE;
				CLANG_CXX_LANGUAGE_STANDARD = "gnu++14";
				CLANG_CXX_LIBRARY = "libc++";
				CLANG_ENABLE_MODULES = YES;
				CLANG_ENABLE_OBJC_ARC = YES;
				CLANG_ENABLE_OBJC_WEAK = YES;
				CLANG_WARN_BLOCK_CAPTURE_AUTORELEASING = YES;
				CLANG_WARN_BOOL_CONVERSION = YES;
				CLANG_WARN_COMMA = YES;
				CLANG_WARN_CONSTANT_CONVERSION = YES;
				CLANG_WARN_DEPRECATED_OBJC_IMPLEMENTATIONS = YES;
				CLANG_WARN_DIRECT_OBJC_ISA_USAGE = YES_ERROR;
				CLANG_WARN_DOCUMENTATION_COMMENTS = YES;
				CLANG_WARN_EMPTY_BODY = YES;
				CLANG_WARN_ENUM_CONVERSION = YES;
				CLANG_WARN_INFINITE_RECURSION = YES;
				CLANG_WARN_INT_CONVERSION = YES;
				CLANG_WARN_NON_LITERAL_NULL_CONVERSION = YES;
				CLANG_WARN_OBJC_IMPLICIT_RETAIN_SELF = YES;
				CLANG_WARN_OBJC_LITERAL_CONVERSION = YES;
				CLANG_WARN_OBJC_ROOT_CLASS = YES_ERROR;
				CLANG_WARN_RANGE_LOOP_ANALYSIS = YES;
				CLANG_WARN_STRICT_PROTOTYPES = YES;
				CLANG_WARN_SUSPICIOUS_MOVE = YES;
				CLANG_WARN_UNGUARDED_AVAILABILITY = YES_AGGRESSIVE;
				CLANG_WARN_UNREACHABLE_CODE = YES;
				CLANG_WARN__DUPLICATE_METHOD_MATCH = YES;
				COPY_PHASE_STRIP = NO;
				DEBUG_INFORMATION_FORMAT = dwarf;
				ENABLE_STRICT_OBJC_MSGSEND = YES;
				ENABLE_TESTABILITY = YES;
				GCC_C_LANGUAGE_STANDARD = gnu11;
				GCC_DYNAMIC_NO_PIC = NO;
				GCC_NO_COMMON_BLOCKS = YES;
				GCC_OPTIMIZATION_LEVEL = 0;
				GCC_PREPROCESSOR_DEFINITIONS = (
					"DEBUG=1",
					"$(inherited)",
				);
				GCC_WARN_64_TO_32_BIT_CONVERSION = YES;
				GCC_WARN_ABOUT_RETURN_TYPE = YES_ERROR;
				GCC_WARN_UNDECLARED_SELECTOR = YES;
				GCC_WARN_UNINITIALIZED_AUTOS = YES_AGGRESSIVE;
				GCC_WARN_UNUSED_FUNCTION = YES;
				GCC_WARN_UNUSED_VARIABLE = YES;
				IPHONEOS_DEPLOYMENT_TARGET = 13.2;
				MTL_ENABLE_DEBUG_INFO = INCLUDE_SOURCE;
				MTL_FAST_MATH = YES;
				ONLY_ACTIVE_ARCH = YES;
				SDKROOT = iphoneos;
				SWIFT_ACTIVE_COMPILATION_CONDITIONS = DEBUG;
				SWIFT_OPTIMIZATION_LEVEL = "-Onone";
			};
			name = Debug;
		};
		7C7D344E240D5F4100218B36 /* Release */ = {
			isa = XCBuildConfiguration;
			buildSettings = {
				ALWAYS_SEARCH_USER_PATHS = NO;
				CLANG_ANALYZER_NONNULL = YES;
				CLANG_ANALYZER_NUMBER_OBJECT_CONVERSION = YES_AGGRESSIVE;
				CLANG_CXX_LANGUAGE_STANDARD = "gnu++14";
				CLANG_CXX_LIBRARY = "libc++";
				CLANG_ENABLE_MODULES = YES;
				CLANG_ENABLE_OBJC_ARC = YES;
				CLANG_ENABLE_OBJC_WEAK = YES;
				CLANG_WARN_BLOCK_CAPTURE_AUTORELEASING = YES;
				CLANG_WARN_BOOL_CONVERSION = YES;
				CLANG_WARN_COMMA = YES;
				CLANG_WARN_CONSTANT_CONVERSION = YES;
				CLANG_WARN_DEPRECATED_OBJC_IMPLEMENTATIONS = YES;
				CLANG_WARN_DIRECT_OBJC_ISA_USAGE = YES_ERROR;
				CLANG_WARN_DOCUMENTATION_COMMENTS = YES;
				CLANG_WARN_EMPTY_BODY = YES;
				CLANG_WARN_ENUM_CONVERSION = YES;
				CLANG_WARN_INFINITE_RECURSION = YES;
				CLANG_WARN_INT_CONVERSION = YES;
				CLANG_WARN_NON_LITERAL_NULL_CONVERSION = YES;
				CLANG_WARN_OBJC_IMPLICIT_RETAIN_SELF = YES;
				CLANG_WARN_OBJC_LITERAL_CONVERSION = YES;
				CLANG_WARN_OBJC_ROOT_CLASS = YES_ERROR;
				CLANG_WARN_RANGE_LOOP_ANALYSIS = YES;
				CLANG_WARN_STRICT_PROTOTYPES = YES;
				CLANG_WARN_SUSPICIOUS_MOVE = YES;
				CLANG_WARN_UNGUARDED_AVAILABILITY = YES_AGGRESSIVE;
				CLANG_WARN_UNREACHABLE_CODE = YES;
				CLANG_WARN__DUPLICATE_METHOD_MATCH = YES;
				COPY_PHASE_STRIP = NO;
				DEBUG_INFORMATION_FORMAT = "dwarf-with-dsym";
				ENABLE_NS_ASSERTIONS = NO;
				ENABLE_STRICT_OBJC_MSGSEND = YES;
				GCC_C_LANGUAGE_STANDARD = gnu11;
				GCC_NO_COMMON_BLOCKS = YES;
				GCC_WARN_64_TO_32_BIT_CONVERSION = YES;
				GCC_WARN_ABOUT_RETURN_TYPE = YES_ERROR;
				GCC_WARN_UNDECLARED_SELECTOR = YES;
				GCC_WARN_UNINITIALIZED_AUTOS = YES_AGGRESSIVE;
				GCC_WARN_UNUSED_FUNCTION = YES;
				GCC_WARN_UNUSED_VARIABLE = YES;
				IPHONEOS_DEPLOYMENT_TARGET = 13.2;
				MTL_ENABLE_DEBUG_INFO = NO;
				MTL_FAST_MATH = YES;
				SDKROOT = iphoneos;
				SWIFT_COMPILATION_MODE = wholemodule;
				SWIFT_OPTIMIZATION_LEVEL = "-O";
				VALIDATE_PRODUCT = YES;
			};
			name = Release;
		};
		7C7D3450240D5F4100218B36 /* Debug */ = {
			isa = XCBuildConfiguration;
			baseConfigurationReference = 11728444E79949B2A6EC0011 /* Pods-LibrariesProject.debug.xcconfig */;
			buildSettings = {
				ASSETCATALOG_COMPILER_APPICON_NAME = AppIcon;
				CODE_SIGN_STYLE = Automatic;
				INFOPLIST_FILE = LibrariesProject/Info.plist;
				LD_RUNPATH_SEARCH_PATHS = (
					"$(inherited)",
					"@executable_path/Frameworks",
				);
				PRODUCT_BUNDLE_IDENTIFIER = com.LibrariesProject;
				PRODUCT_NAME = "$(TARGET_NAME)";
				SWIFT_VERSION = 5.0;
				TARGETED_DEVICE_FAMILY = "1,2";
			};
			name = Debug;
		};
		7C7D3451240D5F4100218B36 /* Release */ = {
			isa = XCBuildConfiguration;
			baseConfigurationReference = E0EFDCEA3019460C1CED0A53 /* Pods-LibrariesProject.release.xcconfig */;
			buildSettings = {
				ASSETCATALOG_COMPILER_APPICON_NAME = AppIcon;
				CODE_SIGN_STYLE = Automatic;
				INFOPLIST_FILE = LibrariesProject/Info.plist;
				LD_RUNPATH_SEARCH_PATHS = (
					"$(inherited)",
					"@executable_path/Frameworks",
				);
				PRODUCT_BUNDLE_IDENTIFIER = com.LibrariesProject;
				PRODUCT_NAME = "$(TARGET_NAME)";
				SWIFT_VERSION = 5.0;
				TARGETED_DEVICE_FAMILY = "1,2";
			};
			name = Release;
		};
/* End XCBuildConfiguration section */

/* Begin XCConfigurationList section */
		7C7D3436240D5F3F00218B36 /* Build configuration list for PBXProject "LibrariesProject" */ = {
			isa = XCConfigurationList;
			buildConfigurations = (
				7C7D344D240D5F4100218B36 /* Debug */,
				7C7D344E240D5F4100218B36 /* Release */,
			);
			defaultConfigurationIsVisible = 0;
			defaultConfigurationName = Release;
		};
		7C7D344F240D5F4100218B36 /* Build configuration list for PBXNativeTarget "LibrariesProject" */ = {
			isa = XCConfigurationList;
			buildConfigurations = (
				7C7D3450240D5F4100218B36 /* Debug */,
				7C7D3451240D5F4100218B36 /* Release */,
			);
			defaultConfigurationIsVisible = 0;
			defaultConfigurationName = Release;
		};
/* End XCConfigurationList section */
	};
	rootObject = 7C7D3433240D5F3F00218B36 /* Project object */;
}
