// !$*UTF8*$!
{
	archiveVersion = 1;
	classes = {
	};
	objectVersion = 51;
	objects = {

/* Begin PBXBuildFile section */
		423EDB91240FAB35005216E7 /* MainViewController.swift in Sources */ = {isa = PBXBuildFile; fileRef = 423EDB90240FAB35005216E7 /* MainViewController.swift */; };
		423EDB93240FAB74005216E7 /* PrimaryContentViewController.swift in Sources */ = {isa = PBXBuildFile; fileRef = 423EDB92240FAB74005216E7 /* PrimaryContentViewController.swift */; };
		423EDB95240FABBC005216E7 /* DrawerContentViewController.swift in Sources */ = {isa = PBXBuildFile; fileRef = 423EDB94240FABBC005216E7 /* DrawerContentViewController.swift */; };
		42400B49240FAE0300E5C8F7 /* AlertService.swift in Sources */ = {isa = PBXBuildFile; fileRef = 42400B48240FAE0300E5C8F7 /* AlertService.swift */; };
		42CC0422240D754400C9542D /* RemoteDataManager.swift in Sources */ = {isa = PBXBuildFile; fileRef = 42CC0421240D754400C9542D /* RemoteDataManager.swift */; };
		42CC0426240D76CF00C9542D /* Creature.swift in Sources */ = {isa = PBXBuildFile; fileRef = 42CC0425240D76CF00C9542D /* Creature.swift */; };
		42E39F85240D71EA00DDAB82 /* AppDelegate.swift in Sources */ = {isa = PBXBuildFile; fileRef = 42E39F84240D71EA00DDAB82 /* AppDelegate.swift */; };
		42E39F87240D71EA00DDAB82 /* SceneDelegate.swift in Sources */ = {isa = PBXBuildFile; fileRef = 42E39F86240D71EA00DDAB82 /* SceneDelegate.swift */; };
		42E39F8C240D71EA00DDAB82 /* Main.storyboard in Resources */ = {isa = PBXBuildFile; fileRef = 42E39F8A240D71EA00DDAB82 /* Main.storyboard */; };
		42E39F8E240D71EC00DDAB82 /* Assets.xcassets in Resources */ = {isa = PBXBuildFile; fileRef = 42E39F8D240D71EC00DDAB82 /* Assets.xcassets */; };
		42E39F91240D71EC00DDAB82 /* LaunchScreen.storyboard in Resources */ = {isa = PBXBuildFile; fileRef = 42E39F8F240D71EC00DDAB82 /* LaunchScreen.storyboard */; };
		42F3DF5A240EFD32009AF252 /* CreatureCell.swift in Sources */ = {isa = PBXBuildFile; fileRef = 42F3DF58240EFD32009AF252 /* CreatureCell.swift */; };
		42F3DF5B240EFD32009AF252 /* CreatureCell.xib in Resources */ = {isa = PBXBuildFile; fileRef = 42F3DF59240EFD32009AF252 /* CreatureCell.xib */; };
		DF7D35A0BF0AF1638569339E /* Pods_Lesson_11.framework in Frameworks */ = {isa = PBXBuildFile; fileRef = 609DAEDCDB6262E66E2B61B0 /* Pods_Lesson_11.framework */; };
/* End PBXBuildFile section */

/* Begin PBXFileReference section */
		38AC73C069EF2C9B7EE3A96B /* Pods-Lesson_11.debug.xcconfig */ = {isa = PBXFileReference; includeInIndex = 1; lastKnownFileType = text.xcconfig; name = "Pods-Lesson_11.debug.xcconfig"; path = "Target Support Files/Pods-Lesson_11/Pods-Lesson_11.debug.xcconfig"; sourceTree = "<group>"; };
		423EDB90240FAB35005216E7 /* MainViewController.swift */ = {isa = PBXFileReference; lastKnownFileType = sourcecode.swift; path = MainViewController.swift; sourceTree = "<group>"; };
		423EDB92240FAB74005216E7 /* PrimaryContentViewController.swift */ = {isa = PBXFileReference; lastKnownFileType = sourcecode.swift; path = PrimaryContentViewController.swift; sourceTree = "<group>"; };
		423EDB94240FABBC005216E7 /* DrawerContentViewController.swift */ = {isa = PBXFileReference; lastKnownFileType = sourcecode.swift; path = DrawerContentViewController.swift; sourceTree = "<group>"; };
		42400B48240FAE0300E5C8F7 /* AlertService.swift */ = {isa = PBXFileReference; lastKnownFileType = sourcecode.swift; path = AlertService.swift; sourceTree = "<group>"; };
		42CC0421240D754400C9542D /* RemoteDataManager.swift */ = {isa = PBXFileReference; lastKnownFileType = sourcecode.swift; path = RemoteDataManager.swift; sourceTree = "<group>"; };
		42CC0425240D76CF00C9542D /* Creature.swift */ = {isa = PBXFileReference; lastKnownFileType = sourcecode.swift; path = Creature.swift; sourceTree = "<group>"; };
		42E39F81240D71EA00DDAB82 /* Lesson_11.app */ = {isa = PBXFileReference; explicitFileType = wrapper.application; includeInIndex = 0; path = Lesson_11.app; sourceTree = BUILT_PRODUCTS_DIR; };
		42E39F84240D71EA00DDAB82 /* AppDelegate.swift */ = {isa = PBXFileReference; lastKnownFileType = sourcecode.swift; path = AppDelegate.swift; sourceTree = "<group>"; };
		42E39F86240D71EA00DDAB82 /* SceneDelegate.swift */ = {isa = PBXFileReference; lastKnownFileType = sourcecode.swift; path = SceneDelegate.swift; sourceTree = "<group>"; };
		42E39F8B240D71EA00DDAB82 /* Base */ = {isa = PBXFileReference; lastKnownFileType = file.storyboard; name = Base; path = Base.lproj/Main.storyboard; sourceTree = "<group>"; };
		42E39F8D240D71EC00DDAB82 /* Assets.xcassets */ = {isa = PBXFileReference; lastKnownFileType = folder.assetcatalog; path = Assets.xcassets; sourceTree = "<group>"; };
		42E39F90240D71EC00DDAB82 /* Base */ = {isa = PBXFileReference; lastKnownFileType = file.storyboard; name = Base; path = Base.lproj/LaunchScreen.storyboard; sourceTree = "<group>"; };
		42E39F92240D71EC00DDAB82 /* Info.plist */ = {isa = PBXFileReference; lastKnownFileType = text.plist.xml; path = Info.plist; sourceTree = "<group>"; };
		42F3DF58240EFD32009AF252 /* CreatureCell.swift */ = {isa = PBXFileReference; lastKnownFileType = sourcecode.swift; path = CreatureCell.swift; sourceTree = "<group>"; };
		42F3DF59240EFD32009AF252 /* CreatureCell.xib */ = {isa = PBXFileReference; lastKnownFileType = file.xib; path = CreatureCell.xib; sourceTree = "<group>"; };
		609DAEDCDB6262E66E2B61B0 /* Pods_Lesson_11.framework */ = {isa = PBXFileReference; explicitFileType = wrapper.framework; includeInIndex = 0; path = Pods_Lesson_11.framework; sourceTree = BUILT_PRODUCTS_DIR; };
		99F28EF4F197DA1A3FC007AE /* Pods-Lesson_11.release.xcconfig */ = {isa = PBXFileReference; includeInIndex = 1; lastKnownFileType = text.xcconfig; name = "Pods-Lesson_11.release.xcconfig"; path = "Target Support Files/Pods-Lesson_11/Pods-Lesson_11.release.xcconfig"; sourceTree = "<group>"; };
/* End PBXFileReference section */

/* Begin PBXFrameworksBuildPhase section */
		42E39F7E240D71EA00DDAB82 /* Frameworks */ = {
			isa = PBXFrameworksBuildPhase;
			buildActionMask = 2147483647;
			files = (
				DF7D35A0BF0AF1638569339E /* Pods_Lesson_11.framework in Frameworks */,
			);
			runOnlyForDeploymentPostprocessing = 0;
		};
/* End PBXFrameworksBuildPhase section */

/* Begin PBXGroup section */
		2DF571394EFF4B7953DED2D5 /* Pods */ = {
			isa = PBXGroup;
			children = (
				38AC73C069EF2C9B7EE3A96B /* Pods-Lesson_11.debug.xcconfig */,
				99F28EF4F197DA1A3FC007AE /* Pods-Lesson_11.release.xcconfig */,
			);
			path = Pods;
			sourceTree = "<group>";
		};
		42400B47240FADF500E5C8F7 /* Services */ = {
			isa = PBXGroup;
			children = (
				42400B48240FAE0300E5C8F7 /* AlertService.swift */,
			);
			path = Services;
			sourceTree = "<group>";
		};
		42CC041D240D74D600C9542D /* Controller */ = {
			isa = PBXGroup;
			children = (
				423EDB90240FAB35005216E7 /* MainViewController.swift */,
				423EDB92240FAB74005216E7 /* PrimaryContentViewController.swift */,
				423EDB94240FABBC005216E7 /* DrawerContentViewController.swift */,
			);
			path = Controller;
			sourceTree = "<group>";
		};
		42CC041E240D74E500C9542D /* View */ = {
			isa = PBXGroup;
			children = (
				42F3DF58240EFD32009AF252 /* CreatureCell.swift */,
				42F3DF59240EFD32009AF252 /* CreatureCell.xib */,
			);
			path = View;
			sourceTree = "<group>";
		};
		42CC041F240D74EB00C9542D /* Model */ = {
			isa = PBXGroup;
			children = (
				42CC0425240D76CF00C9542D /* Creature.swift */,
			);
			path = Model;
			sourceTree = "<group>";
		};
		42CC0420240D753000C9542D /* DataManager */ = {
			isa = PBXGroup;
			children = (
				42CC0421240D754400C9542D /* RemoteDataManager.swift */,
			);
			path = DataManager;
			sourceTree = "<group>";
		};
		42E39F78240D71EA00DDAB82 = {
			isa = PBXGroup;
			children = (
				42E39F83240D71EA00DDAB82 /* Lesson_11 */,
				42E39F82240D71EA00DDAB82 /* Products */,
				2DF571394EFF4B7953DED2D5 /* Pods */,
				789DD7095921DC2170CC969F /* Frameworks */,
			);
			sourceTree = "<group>";
		};
		42E39F82240D71EA00DDAB82 /* Products */ = {
			isa = PBXGroup;
			children = (
				42E39F81240D71EA00DDAB82 /* Lesson_11.app */,
			);
			name = Products;
			sourceTree = "<group>";
		};
		42E39F83240D71EA00DDAB82 /* Lesson_11 */ = {
			isa = PBXGroup;
			children = (
				42E39F8A240D71EA00DDAB82 /* Main.storyboard */,
				42E39F84240D71EA00DDAB82 /* AppDelegate.swift */,
				42E39F86240D71EA00DDAB82 /* SceneDelegate.swift */,
				42400B47240FADF500E5C8F7 /* Services */,
				42CC0420240D753000C9542D /* DataManager */,
				42CC041D240D74D600C9542D /* Controller */,
				42CC041F240D74EB00C9542D /* Model */,
				42CC041E240D74E500C9542D /* View */,
				42E39F8D240D71EC00DDAB82 /* Assets.xcassets */,
				42E39F8F240D71EC00DDAB82 /* LaunchScreen.storyboard */,
				42E39F92240D71EC00DDAB82 /* Info.plist */,
			);
			path = Lesson_11;
			sourceTree = "<group>";
		};
		789DD7095921DC2170CC969F /* Frameworks */ = {
			isa = PBXGroup;
			children = (
				609DAEDCDB6262E66E2B61B0 /* Pods_Lesson_11.framework */,
			);
			name = Frameworks;
			sourceTree = "<group>";
		};
/* End PBXGroup section */

/* Begin PBXNativeTarget section */
		42E39F80240D71EA00DDAB82 /* Lesson_11 */ = {
			isa = PBXNativeTarget;
			buildConfigurationList = 42E39F95240D71EC00DDAB82 /* Build configuration list for PBXNativeTarget "Lesson_11" */;
			buildPhases = (
				0F326A3557BA806749314942 /* [CP] Check Pods Manifest.lock */,
				42E39F7D240D71EA00DDAB82 /* Sources */,
				42E39F7E240D71EA00DDAB82 /* Frameworks */,
				42E39F7F240D71EA00DDAB82 /* Resources */,
				28E924A5A2085704390EA4E3 /* [CP] Embed Pods Frameworks */,
			);
			buildRules = (
			);
			dependencies = (
			);
			name = Lesson_11;
			productName = Lesson_11;
			productReference = 42E39F81240D71EA00DDAB82 /* Lesson_11.app */;
			productType = "com.apple.product-type.application";
		};
/* End PBXNativeTarget section */

/* Begin PBXProject section */
		42E39F79240D71EA00DDAB82 /* Project object */ = {
			isa = PBXProject;
			attributes = {
				LastSwiftUpdateCheck = 1130;
				LastUpgradeCheck = 1130;
				ORGANIZATIONNAME = "Никита";
				TargetAttributes = {
					42E39F80240D71EA00DDAB82 = {
						CreatedOnToolsVersion = 11.3.1;
					};
				};
			};
			buildConfigurationList = 42E39F7C240D71EA00DDAB82 /* Build configuration list for PBXProject "Lesson_11" */;
			compatibilityVersion = "Xcode 9.3";
			developmentRegion = en;
			hasScannedForEncodings = 0;
			knownRegions = (
				en,
				Base,
			);
			mainGroup = 42E39F78240D71EA00DDAB82;
			productRefGroup = 42E39F82240D71EA00DDAB82 /* Products */;
			projectDirPath = "";
			projectRoot = "";
			targets = (
				42E39F80240D71EA00DDAB82 /* Lesson_11 */,
			);
		};
/* End PBXProject section */

/* Begin PBXResourcesBuildPhase section */
		42E39F7F240D71EA00DDAB82 /* Resources */ = {
			isa = PBXResourcesBuildPhase;
			buildActionMask = 2147483647;
			files = (
				42F3DF5B240EFD32009AF252 /* CreatureCell.xib in Resources */,
				42E39F91240D71EC00DDAB82 /* LaunchScreen.storyboard in Resources */,
				42E39F8E240D71EC00DDAB82 /* Assets.xcassets in Resources */,
				42E39F8C240D71EA00DDAB82 /* Main.storyboard in Resources */,
			);
			runOnlyForDeploymentPostprocessing = 0;
		};
/* End PBXResourcesBuildPhase section */

/* Begin PBXShellScriptBuildPhase section */
		0F326A3557BA806749314942 /* [CP] Check Pods Manifest.lock */ = {
			isa = PBXShellScriptBuildPhase;
			buildActionMask = 2147483647;
			files = (
			);
			inputFileListPaths = (
			);
			inputPaths = (
				"${PODS_PODFILE_DIR_PATH}/Podfile.lock",
				"${PODS_ROOT}/Manifest.lock",
			);
			name = "[CP] Check Pods Manifest.lock";
			outputFileListPaths = (
			);
			outputPaths = (
				"$(DERIVED_FILE_DIR)/Pods-Lesson_11-checkManifestLockResult.txt",
			);
			runOnlyForDeploymentPostprocessing = 0;
			shellPath = /bin/sh;
			shellScript = "diff \"${PODS_PODFILE_DIR_PATH}/Podfile.lock\" \"${PODS_ROOT}/Manifest.lock\" > /dev/null\nif [ $? != 0 ] ; then\n    # print error to STDERR\n    echo \"error: The sandbox is not in sync with the Podfile.lock. Run 'pod install' or update your CocoaPods installation.\" >&2\n    exit 1\nfi\n# This output is used by Xcode 'outputs' to avoid re-running this script phase.\necho \"SUCCESS\" > \"${SCRIPT_OUTPUT_FILE_0}\"\n";
			showEnvVarsInLog = 0;
		};
		28E924A5A2085704390EA4E3 /* [CP] Embed Pods Frameworks */ = {
			isa = PBXShellScriptBuildPhase;
			buildActionMask = 2147483647;
			files = (
			);
			inputFileListPaths = (
				"${PODS_ROOT}/Target Support Files/Pods-Lesson_11/Pods-Lesson_11-frameworks-${CONFIGURATION}-input-files.xcfilelist",
			);
			name = "[CP] Embed Pods Frameworks";
			outputFileListPaths = (
				"${PODS_ROOT}/Target Support Files/Pods-Lesson_11/Pods-Lesson_11-frameworks-${CONFIGURATION}-output-files.xcfilelist",
			);
			runOnlyForDeploymentPostprocessing = 0;
			shellPath = /bin/sh;
			shellScript = "\"${PODS_ROOT}/Target Support Files/Pods-Lesson_11/Pods-Lesson_11-frameworks.sh\"\n";
			showEnvVarsInLog = 0;
		};
/* End PBXShellScriptBuildPhase section */

/* Begin PBXSourcesBuildPhase section */
		42E39F7D240D71EA00DDAB82 /* Sources */ = {
			isa = PBXSourcesBuildPhase;
			buildActionMask = 2147483647;
			files = (
				423EDB93240FAB74005216E7 /* PrimaryContentViewController.swift in Sources */,
				423EDB95240FABBC005216E7 /* DrawerContentViewController.swift in Sources */,
				42E39F85240D71EA00DDAB82 /* AppDelegate.swift in Sources */,
				42E39F87240D71EA00DDAB82 /* SceneDelegate.swift in Sources */,
				42CC0426240D76CF00C9542D /* Creature.swift in Sources */,
				423EDB91240FAB35005216E7 /* MainViewController.swift in Sources */,
				42F3DF5A240EFD32009AF252 /* CreatureCell.swift in Sources */,
				42400B49240FAE0300E5C8F7 /* AlertService.swift in Sources */,
				42CC0422240D754400C9542D /* RemoteDataManager.swift in Sources */,
			);
			runOnlyForDeploymentPostprocessing = 0;
		};
/* End PBXSourcesBuildPhase section */

/* Begin PBXVariantGroup section */
		42E39F8A240D71EA00DDAB82 /* Main.storyboard */ = {
			isa = PBXVariantGroup;
			children = (
				42E39F8B240D71EA00DDAB82 /* Base */,
			);
			name = Main.storyboard;
			sourceTree = "<group>";
		};
		42E39F8F240D71EC00DDAB82 /* LaunchScreen.storyboard */ = {
			isa = PBXVariantGroup;
			children = (
				42E39F90240D71EC00DDAB82 /* Base */,
			);
			name = LaunchScreen.storyboard;
			sourceTree = "<group>";
		};
/* End PBXVariantGroup section */

/* Begin XCBuildConfiguration section */
		42E39F93240D71EC00DDAB82 /* Debug */ = {
			isa = XCBuildConfiguration;
			buildSettings = {
				ALWAYS_SEARCH_USER_PATHS = NO;
				CLANG_ANALYZER_NONNULL = YES;
				CLANG_ANALYZER_NUMBER_OBJECT_CONVERSION = YES_AGGRESSIVE;
				CLANG_CXX_LANGUAGE_STANDARD = "gnu++14";
				CLANG_CXX_LIBRARY = "libc++";
				CLANG_ENABLE_MODULES = YES;
				CLANG_ENABLE_OBJC_ARC = YES;
				CLANG_ENABLE_OBJC_WEAK = YES;
				CLANG_WARN_BLOCK_CAPTURE_AUTORELEASING = YES;
				CLANG_WARN_BOOL_CONVERSION = YES;
				CLANG_WARN_COMMA = YES;
				CLANG_WARN_CONSTANT_CONVERSION = YES;
				CLANG_WARN_DEPRECATED_OBJC_IMPLEMENTATIONS = YES;
				CLANG_WARN_DIRECT_OBJC_ISA_USAGE = YES_ERROR;
				CLANG_WARN_DOCUMENTATION_COMMENTS = YES;
				CLANG_WARN_EMPTY_BODY = YES;
				CLANG_WARN_ENUM_CONVERSION = YES;
				CLANG_WARN_INFINITE_RECURSION = YES;
				CLANG_WARN_INT_CONVERSION = YES;
				CLANG_WARN_NON_LITERAL_NULL_CONVERSION = YES;
				CLANG_WARN_OBJC_IMPLICIT_RETAIN_SELF = YES;
				CLANG_WARN_OBJC_LITERAL_CONVERSION = YES;
				CLANG_WARN_OBJC_ROOT_CLASS = YES_ERROR;
				CLANG_WARN_RANGE_LOOP_ANALYSIS = YES;
				CLANG_WARN_STRICT_PROTOTYPES = YES;
				CLANG_WARN_SUSPICIOUS_MOVE = YES;
				CLANG_WARN_UNGUARDED_AVAILABILITY = YES_AGGRESSIVE;
				CLANG_WARN_UNREACHABLE_CODE = YES;
				CLANG_WARN__DUPLICATE_METHOD_MATCH = YES;
				COPY_PHASE_STRIP = NO;
				DEBUG_INFORMATION_FORMAT = dwarf;
				ENABLE_STRICT_OBJC_MSGSEND = YES;
				ENABLE_TESTABILITY = YES;
				GCC_C_LANGUAGE_STANDARD = gnu11;
				GCC_DYNAMIC_NO_PIC = NO;
				GCC_NO_COMMON_BLOCKS = YES;
				GCC_OPTIMIZATION_LEVEL = 0;
				GCC_PREPROCESSOR_DEFINITIONS = (
					"DEBUG=1",
					"$(inherited)",
				);
				GCC_WARN_64_TO_32_BIT_CONVERSION = YES;
				GCC_WARN_ABOUT_RETURN_TYPE = YES_ERROR;
				GCC_WARN_UNDECLARED_SELECTOR = YES;
				GCC_WARN_UNINITIALIZED_AUTOS = YES_AGGRESSIVE;
				GCC_WARN_UNUSED_FUNCTION = YES;
				GCC_WARN_UNUSED_VARIABLE = YES;
				IPHONEOS_DEPLOYMENT_TARGET = 13.2;
				MTL_ENABLE_DEBUG_INFO = INCLUDE_SOURCE;
				MTL_FAST_MATH = YES;
				ONLY_ACTIVE_ARCH = YES;
				SDKROOT = iphoneos;
				SWIFT_ACTIVE_COMPILATION_CONDITIONS = DEBUG;
				SWIFT_OPTIMIZATION_LEVEL = "-Onone";
			};
			name = Debug;
		};
		42E39F94240D71EC00DDAB82 /* Release */ = {
			isa = XCBuildConfiguration;
			buildSettings = {
				ALWAYS_SEARCH_USER_PATHS = NO;
				CLANG_ANALYZER_NONNULL = YES;
				CLANG_ANALYZER_NUMBER_OBJECT_CONVERSION = YES_AGGRESSIVE;
				CLANG_CXX_LANGUAGE_STANDARD = "gnu++14";
				CLANG_CXX_LIBRARY = "libc++";
				CLANG_ENABLE_MODULES = YES;
				CLANG_ENABLE_OBJC_ARC = YES;
				CLANG_ENABLE_OBJC_WEAK = YES;
				CLANG_WARN_BLOCK_CAPTURE_AUTORELEASING = YES;
				CLANG_WARN_BOOL_CONVERSION = YES;
				CLANG_WARN_COMMA = YES;
				CLANG_WARN_CONSTANT_CONVERSION = YES;
				CLANG_WARN_DEPRECATED_OBJC_IMPLEMENTATIONS = YES;
				CLANG_WARN_DIRECT_OBJC_ISA_USAGE = YES_ERROR;
				CLANG_WARN_DOCUMENTATION_COMMENTS = YES;
				CLANG_WARN_EMPTY_BODY = YES;
				CLANG_WARN_ENUM_CONVERSION = YES;
				CLANG_WARN_INFINITE_RECURSION = YES;
				CLANG_WARN_INT_CONVERSION = YES;
				CLANG_WARN_NON_LITERAL_NULL_CONVERSION = YES;
				CLANG_WARN_OBJC_IMPLICIT_RETAIN_SELF = YES;
				CLANG_WARN_OBJC_LITERAL_CONVERSION = YES;
				CLANG_WARN_OBJC_ROOT_CLASS = YES_ERROR;
				CLANG_WARN_RANGE_LOOP_ANALYSIS = YES;
				CLANG_WARN_STRICT_PROTOTYPES = YES;
				CLANG_WARN_SUSPICIOUS_MOVE = YES;
				CLANG_WARN_UNGUARDED_AVAILABILITY = YES_AGGRESSIVE;
				CLANG_WARN_UNREACHABLE_CODE = YES;
				CLANG_WARN__DUPLICATE_METHOD_MATCH = YES;
				COPY_PHASE_STRIP = NO;
				DEBUG_INFORMATION_FORMAT = "dwarf-with-dsym";
				ENABLE_NS_ASSERTIONS = NO;
				ENABLE_STRICT_OBJC_MSGSEND = YES;
				GCC_C_LANGUAGE_STANDARD = gnu11;
				GCC_NO_COMMON_BLOCKS = YES;
				GCC_WARN_64_TO_32_BIT_CONVERSION = YES;
				GCC_WARN_ABOUT_RETURN_TYPE = YES_ERROR;
				GCC_WARN_UNDECLARED_SELECTOR = YES;
				GCC_WARN_UNINITIALIZED_AUTOS = YES_AGGRESSIVE;
				GCC_WARN_UNUSED_FUNCTION = YES;
				GCC_WARN_UNUSED_VARIABLE = YES;
				IPHONEOS_DEPLOYMENT_TARGET = 13.2;
				MTL_ENABLE_DEBUG_INFO = NO;
				MTL_FAST_MATH = YES;
				SDKROOT = iphoneos;
				SWIFT_COMPILATION_MODE = wholemodule;
				SWIFT_OPTIMIZATION_LEVEL = "-O";
				VALIDATE_PRODUCT = YES;
			};
			name = Release;
		};
		42E39F96240D71EC00DDAB82 /* Debug */ = {
			isa = XCBuildConfiguration;
			baseConfigurationReference = 38AC73C069EF2C9B7EE3A96B /* Pods-Lesson_11.debug.xcconfig */;
			buildSettings = {
				ASSETCATALOG_COMPILER_APPICON_NAME = AppIcon;
				CODE_SIGN_STYLE = Automatic;
				DEVELOPMENT_TEAM = Y7B4QBPY6V;
				INFOPLIST_FILE = Lesson_11/Info.plist;
				LD_RUNPATH_SEARCH_PATHS = (
					"$(inherited)",
					"@executable_path/Frameworks",
				);
				PRODUCT_BUNDLE_IDENTIFIER = "dest.Lesson-11";
				PRODUCT_NAME = "$(TARGET_NAME)";
				SWIFT_VERSION = 5.0;
				TARGETED_DEVICE_FAMILY = "1,2";
			};
			name = Debug;
		};
		42E39F97240D71EC00DDAB82 /* Release */ = {
			isa = XCBuildConfiguration;
			baseConfigurationReference = 99F28EF4F197DA1A3FC007AE /* Pods-Lesson_11.release.xcconfig */;
			buildSettings = {
				ASSETCATALOG_COMPILER_APPICON_NAME = AppIcon;
				CODE_SIGN_STYLE = Automatic;
				DEVELOPMENT_TEAM = Y7B4QBPY6V;
				INFOPLIST_FILE = Lesson_11/Info.plist;
				LD_RUNPATH_SEARCH_PATHS = (
					"$(inherited)",
					"@executable_path/Frameworks",
				);
				PRODUCT_BUNDLE_IDENTIFIER = "dest.Lesson-11";
				PRODUCT_NAME = "$(TARGET_NAME)";
				SWIFT_VERSION = 5.0;
				TARGETED_DEVICE_FAMILY = "1,2";
			};
			name = Release;
		};
/* End XCBuildConfiguration section */

/* Begin XCConfigurationList section */
		42E39F7C240D71EA00DDAB82 /* Build configuration list for PBXProject "Lesson_11" */ = {
			isa = XCConfigurationList;
			buildConfigurations = (
				42E39F93240D71EC00DDAB82 /* Debug */,
				42E39F94240D71EC00DDAB82 /* Release */,
			);
			defaultConfigurationIsVisible = 0;
			defaultConfigurationName = Release;
		};
		42E39F95240D71EC00DDAB82 /* Build configuration list for PBXNativeTarget "Lesson_11" */ = {
			isa = XCConfigurationList;
			buildConfigurations = (
				42E39F96240D71EC00DDAB82 /* Debug */,
				42E39F97240D71EC00DDAB82 /* Release */,
			);
			defaultConfigurationIsVisible = 0;
			defaultConfigurationName = Release;
		};
/* End XCConfigurationList section */
	};
	rootObject = 42E39F79240D71EA00DDAB82 /* Project object */;
}
